Microsoft Visual Studio Solution File, Format Version 12.00
# Visual Studio 15
VisualStudioVersion = 15.0.26730.16
MinimumVisualStudioVersion = 10.0.40219.1
Project("{2150E333-8FDC-42A3-9474-1A3956D46DE8}") = "src", "src", "{E0497F39-AFFB-4819-A116-E39E361915AB}"
EndProject
Project("{2150E333-8FDC-42A3-9474-1A3956D46DE8}") = "test", "test", "{FEB39027-9158-4DE2-997F-7ADAEF8188D0}"
EndProject
Project("{9A19103F-16F7-4668-BE54-9A1E7A4F7556}") = "WechatAPI", "src\WechatAPI\WechatAPI.csproj", "{11441C53-1BE6-443F-9D08-0214D0A84456}"
EndProject
Project("{9A19103F-16F7-4668-BE54-9A1E7A4F7556}") = "Abp", "src\Abp\Abp.csproj", "{69B0D817-0621-474A-BB67-4BEB43A857C3}"
EndProject
Project("{9A19103F-16F7-4668-BE54-9A1E7A4F7556}") = "Abp.AutoMapper", "src\Abp.AutoMapper\Abp.AutoMapper.csproj", "{F46F2AA8-164F-4C75-9F53-6B6A83F25A8D}"
EndProject
Project("{9A19103F-16F7-4668-BE54-9A1E7A4F7556}") = "Abp.EntityFrameworkCore", "src\Abp.EntityFrameworkCore\Abp.EntityFrameworkCore.csproj", "{F82A8DD4-85FE-404C-B1D4-D911C658940B}"
EndProject
Project("{9A19103F-16F7-4668-BE54-9A1E7A4F7556}") = "Abp.RedisCache", "src\Abp.RedisCache\Abp.RedisCache.csproj", "{F3466EFC-DB42-4076-9D79-72D6B0C2D598}"
EndProject
Project("{9A19103F-16F7-4668-BE54-9A1E7A4F7556}") = "Abp.DoNetCore", "src\Abp.DoNetCore\Abp.DoNetCore.csproj", "{9BE3857A-4593-4CA3-BBD8-88B9BCF13874}"
EndProject
Project("{9A19103F-16F7-4668-BE54-9A1E7A4F7556}") = "UnitTestWechatServices", "test\UnitTestWechatServices\UnitTestWechatServices.csproj", "{655C7E45-31AE-42A9-9C07-2451AA3B88B6}"
EndProject
Project("{FAE04EC0-301F-11D3-BF4B-00C04F79EFBC}") = "UnitTestWechatAPI", "test\UnitTestWechatAPI\UnitTestWechatAPI.csproj", "{1BAD98F8-C57C-42D5-9508-F1E4A72FBAEF}"
EndProject
Global
	GlobalSection(SolutionConfigurationPlatforms) = preSolution
		Debug|Any CPU = Debug|Any CPU
		Release|Any CPU = Release|Any CPU
	EndGlobalSection
	GlobalSection(ProjectConfigurationPlatforms) = postSolution
		{11441C53-1BE6-443F-9D08-0214D0A84456}.Debug|Any CPU.ActiveCfg = Debug|Any CPU
		{11441C53-1BE6-443F-9D08-0214D0A84456}.Debug|Any CPU.Build.0 = Debug|Any CPU
		{11441C53-1BE6-443F-9D08-0214D0A84456}.Release|Any CPU.ActiveCfg = Release|Any CPU
		{11441C53-1BE6-443F-9D08-0214D0A84456}.Release|Any CPU.Build.0 = Release|Any CPU
		{69B0D817-0621-474A-BB67-4BEB43A857C3}.Debug|Any CPU.ActiveCfg = Debug|Any CPU
		{69B0D817-0621-474A-BB67-4BEB43A857C3}.Debug|Any CPU.Build.0 = Debug|Any CPU
		{69B0D817-0621-474A-BB67-4BEB43A857C3}.Release|Any CPU.ActiveCfg = Release|Any CPU
		{69B0D817-0621-474A-BB67-4BEB43A857C3}.Release|Any CPU.Build.0 = Release|Any CPU
		{F46F2AA8-164F-4C75-9F53-6B6A83F25A8D}.Debug|Any CPU.ActiveCfg = Debug|Any CPU
		{F46F2AA8-164F-4C75-9F53-6B6A83F25A8D}.Debug|Any CPU.Build.0 = Debug|Any CPU
		{F46F2AA8-164F-4C75-9F53-6B6A83F25A8D}.Release|Any CPU.ActiveCfg = Release|Any CPU
		{F46F2AA8-164F-4C75-9F53-6B6A83F25A8D}.Release|Any CPU.Build.0 = Release|Any CPU
		{F82A8DD4-85FE-404C-B1D4-D911C658940B}.Debug|Any CPU.ActiveCfg = Debug|Any CPU
		{F82A8DD4-85FE-404C-B1D4-D911C658940B}.Debug|Any CPU.Build.0 = Debug|Any CPU
		{F82A8DD4-85FE-404C-B1D4-D911C658940B}.Release|Any CPU.ActiveCfg = Release|Any CPU
		{F82A8DD4-85FE-404C-B1D4-D911C658940B}.Release|Any CPU.Build.0 = Release|Any CPU
		{F3466EFC-DB42-4076-9D79-72D6B0C2D598}.Debug|Any CPU.ActiveCfg = Debug|Any CPU
		{F3466EFC-DB42-4076-9D79-72D6B0C2D598}.Debug|Any CPU.Build.0 = Debug|Any CPU
		{F3466EFC-DB42-4076-9D79-72D6B0C2D598}.Release|Any CPU.ActiveCfg = Release|Any CPU
		{F3466EFC-DB42-4076-9D79-72D6B0C2D598}.Release|Any CPU.Build.0 = Release|Any CPU
		{9BE3857A-4593-4CA3-BBD8-88B9BCF13874}.Debug|Any CPU.ActiveCfg = Debug|Any CPU
		{9BE3857A-4593-4CA3-BBD8-88B9BCF13874}.Debug|Any CPU.Build.0 = Debug|Any CPU
		{9BE3857A-4593-4CA3-BBD8-88B9BCF13874}.Release|Any CPU.ActiveCfg = Release|Any CPU
		{9BE3857A-4593-4CA3-BBD8-88B9BCF13874}.Release|Any CPU.Build.0 = Release|Any CPU
		{655C7E45-31AE-42A9-9C07-2451AA3B88B6}.Debug|Any CPU.ActiveCfg = Debug|Any CPU
		{655C7E45-31AE-42A9-9C07-2451AA3B88B6}.Debug|Any CPU.Build.0 = Debug|Any CPU
		{655C7E45-31AE-42A9-9C07-2451AA3B88B6}.Release|Any CPU.ActiveCfg = Release|Any CPU
		{655C7E45-31AE-42A9-9C07-2451AA3B88B6}.Release|Any CPU.Build.0 = Release|Any CPU
		{1BAD98F8-C57C-42D5-9508-F1E4A72FBAEF}.Debug|Any CPU.ActiveCfg = Debug|Any CPU
		{1BAD98F8-C57C-42D5-9508-F1E4A72FBAEF}.Debug|Any CPU.Build.0 = Debug|Any CPU
		{1BAD98F8-C57C-42D5-9508-F1E4A72FBAEF}.Release|Any CPU.ActiveCfg = Release|Any CPU
		{1BAD98F8-C57C-42D5-9508-F1E4A72FBAEF}.Release|Any CPU.Build.0 = Release|Any CPU
	EndGlobalSection
	GlobalSection(SolutionProperties) = preSolution
		HideSolutionNode = FALSE
	EndGlobalSection
	GlobalSection(NestedProjects) = preSolution
		{11441C53-1BE6-443F-9D08-0214D0A84456} = {E0497F39-AFFB-4819-A116-E39E361915AB}
		{69B0D817-0621-474A-BB67-4BEB43A857C3} = {E0497F39-AFFB-4819-A116-E39E361915AB}
		{F46F2AA8-164F-4C75-9F53-6B6A83F25A8D} = {E0497F39-AFFB-4819-A116-E39E361915AB}
		{F82A8DD4-85FE-404C-B1D4-D911C658940B} = {E0497F39-AFFB-4819-A116-E39E361915AB}
		{F3466EFC-DB42-4076-9D79-72D6B0C2D598} = {E0497F39-AFFB-4819-A116-E39E361915AB}
		{9BE3857A-4593-4CA3-BBD8-88B9BCF13874} = {E0497F39-AFFB-4819-A116-E39E361915AB}
		{655C7E45-31AE-42A9-9C07-2451AA3B88B6} = {FEB39027-9158-4DE2-997F-7ADAEF8188D0}
		{1BAD98F8-C57C-42D5-9508-F1E4A72FBAEF} = {FEB39027-9158-4DE2-997F-7ADAEF8188D0}
	EndGlobalSection
	GlobalSection(ExtensibilityGlobals) = postSolution
		SolutionGuid = {62B63BE7-D5F5-4749-88EE-5C5249385043}
	EndGlobalSection
EndGlobal
