
Microsoft Visual Studio Solution File, Format Version 12.00
# Visual Studio 2012
Project("{FAE04EC0-301F-11D3-BF4B-00C04F79EFBC}") = "WechatAPI", "WechatAPI\WechatAPI.csproj", "{11441C53-1BE6-443F-9D08-0214D0A84456}"
EndProject
Project("{FAE04EC0-301F-11D3-BF4B-00C04F79EFBC}") = "Abp", "Abp\Abp.csproj", "{69B0D817-0621-474A-BB67-4BEB43A857C3}"
EndProject
Project("{FAE04EC0-301F-11D3-BF4B-00C04F79EFBC}") = "Abp.AutoMapper", "Abp.AutoMapper\Abp.AutoMapper.csproj", "{F46F2AA8-164F-4C75-9F53-6B6A83F25A8D}"
EndProject
Project("{FAE04EC0-301F-11D3-BF4B-00C04F79EFBC}") = "Abp.EntityFrameworkCore", "Abp.EntityFrameworkCore\Abp.EntityFrameworkCore.csproj", "{F82A8DD4-85FE-404C-B1D4-D911C658940B}"
EndProject
Project("{FAE04EC0-301F-11D3-BF4B-00C04F79EFBC}") = "Abp.RedisCache", "Abp.RedisCache\Abp.RedisCache.csproj", "{F3466EFC-DB42-4076-9D79-72D6B0C2D598}"
EndProject
Project("{FAE04EC0-301F-11D3-BF4B-00C04F79EFBC}") = "Abp.DoNetCore", "Abp.DoNetCore\Abp.DoNetCore.csproj", "{9BE3857A-4593-4CA3-BBD8-88B9BCF13874}"
EndProject
Project("{2150E333-8FDC-42A3-9474-1A3956D46DE8}") = "src", "src", "{4C23F2ED-74AA-4839-B3D6-CBD3E95BB020}"
EndProject
Project("{2150E333-8FDC-42A3-9474-1A3956D46DE8}") = "tests", "tests", "{7D84D566-3BE8-4EA1-86A3-06F094AE9EDE}"
EndProject
Project("{FAE04EC0-301F-11D3-BF4B-00C04F79EFBC}") = "WechatAPITest", "WechatAPITest\WechatAPITest.csproj", "{A6A68A34-3AB1-4BE2-86C7-48676478358D}"
EndProject
Project("{FAE04EC0-301F-11D3-BF4B-00C04F79EFBC}") = "WechatServicesTest", "WechatAPITest\WechatServicesTest\WechatServicesTest.csproj", "{5EA793CC-8AFE-461A-9C7A-5EF2DEAEBD74}"
EndProject
Global
	GlobalSection(SolutionConfigurationPlatforms) = preSolution
		Debug|Any CPU = Debug|Any CPU
		Release|Any CPU = Release|Any CPU
	EndGlobalSection
	GlobalSection(ProjectConfigurationPlatforms) = postSolution
		{11441C53-1BE6-443F-9D08-0214D0A84456}.Debug|Any CPU.ActiveCfg = Debug|Any CPU
		{11441C53-1BE6-443F-9D08-0214D0A84456}.Debug|Any CPU.Build.0 = Debug|Any CPU
		{11441C53-1BE6-443F-9D08-0214D0A84456}.Release|Any CPU.ActiveCfg = Release|Any CPU
		{11441C53-1BE6-443F-9D08-0214D0A84456}.Release|Any CPU.Build.0 = Release|Any CPU
		{69B0D817-0621-474A-BB67-4BEB43A857C3}.Debug|Any CPU.ActiveCfg = Debug|Any CPU
		{69B0D817-0621-474A-BB67-4BEB43A857C3}.Debug|Any CPU.Build.0 = Debug|Any CPU
		{69B0D817-0621-474A-BB67-4BEB43A857C3}.Release|Any CPU.ActiveCfg = Release|Any CPU
		{69B0D817-0621-474A-BB67-4BEB43A857C3}.Release|Any CPU.Build.0 = Release|Any CPU
		{F46F2AA8-164F-4C75-9F53-6B6A83F25A8D}.Debug|Any CPU.ActiveCfg = Debug|Any CPU
		{F46F2AA8-164F-4C75-9F53-6B6A83F25A8D}.Debug|Any CPU.Build.0 = Debug|Any CPU
		{F46F2AA8-164F-4C75-9F53-6B6A83F25A8D}.Release|Any CPU.ActiveCfg = Release|Any CPU
		{F46F2AA8-164F-4C75-9F53-6B6A83F25A8D}.Release|Any CPU.Build.0 = Release|Any CPU
		{F82A8DD4-85FE-404C-B1D4-D911C658940B}.Debug|Any CPU.ActiveCfg = Debug|Any CPU
		{F82A8DD4-85FE-404C-B1D4-D911C658940B}.Debug|Any CPU.Build.0 = Debug|Any CPU
		{F82A8DD4-85FE-404C-B1D4-D911C658940B}.Release|Any CPU.ActiveCfg = Release|Any CPU
		{F82A8DD4-85FE-404C-B1D4-D911C658940B}.Release|Any CPU.Build.0 = Release|Any CPU
		{F3466EFC-DB42-4076-9D79-72D6B0C2D598}.Debug|Any CPU.ActiveCfg = Debug|Any CPU
		{F3466EFC-DB42-4076-9D79-72D6B0C2D598}.Debug|Any CPU.Build.0 = Debug|Any CPU
		{F3466EFC-DB42-4076-9D79-72D6B0C2D598}.Release|Any CPU.ActiveCfg = Release|Any CPU
		{F3466EFC-DB42-4076-9D79-72D6B0C2D598}.Release|Any CPU.Build.0 = Release|Any CPU
		{9BE3857A-4593-4CA3-BBD8-88B9BCF13874}.Debug|Any CPU.ActiveCfg = Debug|Any CPU
		{9BE3857A-4593-4CA3-BBD8-88B9BCF13874}.Debug|Any CPU.Build.0 = Debug|Any CPU
		{9BE3857A-4593-4CA3-BBD8-88B9BCF13874}.Release|Any CPU.ActiveCfg = Release|Any CPU
		{9BE3857A-4593-4CA3-BBD8-88B9BCF13874}.Release|Any CPU.Build.0 = Release|Any CPU
		{A6A68A34-3AB1-4BE2-86C7-48676478358D}.Debug|Any CPU.ActiveCfg = Debug|Any CPU
		{A6A68A34-3AB1-4BE2-86C7-48676478358D}.Debug|Any CPU.Build.0 = Debug|Any CPU
		{A6A68A34-3AB1-4BE2-86C7-48676478358D}.Release|Any CPU.ActiveCfg = Release|Any CPU
		{A6A68A34-3AB1-4BE2-86C7-48676478358D}.Release|Any CPU.Build.0 = Release|Any CPU
		{5EA793CC-8AFE-461A-9C7A-5EF2DEAEBD74}.Debug|Any CPU.ActiveCfg = Debug|Any CPU
		{5EA793CC-8AFE-461A-9C7A-5EF2DEAEBD74}.Debug|Any CPU.Build.0 = Debug|Any CPU
		{5EA793CC-8AFE-461A-9C7A-5EF2DEAEBD74}.Release|Any CPU.ActiveCfg = Release|Any CPU
		{5EA793CC-8AFE-461A-9C7A-5EF2DEAEBD74}.Release|Any CPU.Build.0 = Release|Any CPU
	EndGlobalSection
	GlobalSection(NestedProjects) = preSolution
		{69B0D817-0621-474A-BB67-4BEB43A857C3} = {4C23F2ED-74AA-4839-B3D6-CBD3E95BB020}
		{F46F2AA8-164F-4C75-9F53-6B6A83F25A8D} = {4C23F2ED-74AA-4839-B3D6-CBD3E95BB020}
		{9BE3857A-4593-4CA3-BBD8-88B9BCF13874} = {4C23F2ED-74AA-4839-B3D6-CBD3E95BB020}
		{F82A8DD4-85FE-404C-B1D4-D911C658940B} = {4C23F2ED-74AA-4839-B3D6-CBD3E95BB020}
		{F3466EFC-DB42-4076-9D79-72D6B0C2D598} = {4C23F2ED-74AA-4839-B3D6-CBD3E95BB020}
		{11441C53-1BE6-443F-9D08-0214D0A84456} = {4C23F2ED-74AA-4839-B3D6-CBD3E95BB020}
		{A6A68A34-3AB1-4BE2-86C7-48676478358D} = {7D84D566-3BE8-4EA1-86A3-06F094AE9EDE}
		{5EA793CC-8AFE-461A-9C7A-5EF2DEAEBD74} = {7D84D566-3BE8-4EA1-86A3-06F094AE9EDE}
	EndGlobalSection
EndGlobal
